
Microsoft Visual Studio Solution File, Format Version 12.00
# Visual Studio Version 16
VisualStudioVersion = 16.0.31129.286
MinimumVisualStudioVersion = 10.0.40219.1
Project("{9A19103F-16F7-4668-BE54-9A1E7A4F7556}") = "GrpcFun", "GrpcFun.csproj", "{23B44904-C91F-4FCF-A262-EC12317089D1}"
EndProject
Project("{FAE04EC0-301F-11D3-BF4B-00C04F79EFBC}") = "GrpcFunClient", "..\GrpcFunClient\GrpcFunClient.csproj", "{6531B2BD-D85C-4EC9-B0F3-B5BDB91264DE}"
EndProject
Global
	GlobalSection(SolutionConfigurationPlatforms) = preSolution
		Debug|Any CPU = Debug|Any CPU
		Release|Any CPU = Release|Any CPU
	EndGlobalSection
	GlobalSection(ProjectConfigurationPlatforms) = postSolution
		{23B44904-C91F-4FCF-A262-EC12317089D1}.Debug|Any CPU.ActiveCfg = Debug|Any CPU
		{23B44904-C91F-4FCF-A262-EC12317089D1}.Debug|Any CPU.Build.0 = Debug|Any CPU
		{23B44904-C91F-4FCF-A262-EC12317089D1}.Release|Any CPU.ActiveCfg = Release|Any CPU
		{23B44904-C91F-4FCF-A262-EC12317089D1}.Release|Any CPU.Build.0 = Release|Any CPU
		{6531B2BD-D85C-4EC9-B0F3-B5BDB91264DE}.Debug|Any CPU.ActiveCfg = Debug|Any CPU
		{6531B2BD-D85C-4EC9-B0F3-B5BDB91264DE}.Debug|Any CPU.Build.0 = Debug|Any CPU
		{6531B2BD-D85C-4EC9-B0F3-B5BDB91264DE}.Release|Any CPU.ActiveCfg = Release|Any CPU
		{6531B2BD-D85C-4EC9-B0F3-B5BDB91264DE}.Release|Any CPU.Build.0 = Release|Any CPU
	EndGlobalSection
	GlobalSection(SolutionProperties) = preSolution
		HideSolutionNode = FALSE
	EndGlobalSection
	GlobalSection(ExtensibilityGlobals) = postSolution
		SolutionGuid = {8CFA839B-33B5-4966-876A-1D6916BAEFB3}
	EndGlobalSection
EndGlobal
